
Microsoft Visual Studio Solution File, Format Version 12.00
# Visual Studio Version 17
VisualStudioVersion = 17.7.34031.279
MinimumVisualStudioVersion = 10.0.40219.1
Project("{2150E333-8FDC-42A3-9474-1A3956D46DE8}") = "src", "src", "{F6396EAD-C7F8-4D84-8FF0-96F57D7B42AD}"
EndProject
Project("{2150E333-8FDC-42A3-9474-1A3956D46DE8}") = "test", "test", "{1ACDFDE2-E74B-410F-9D7D-298DA36EF5AD}"
EndProject
Project("{9A19103F-16F7-4668-BE54-9A1E7A4F7556}") = "chdScoring.DataAccess", "src\chdScoring.DataAccess\chdScoring.DataAccess.csproj", "{535E62A3-B01E-45CD-A5F3-3A5EF7241F1C}"
EndProject
Project("{9A19103F-16F7-4668-BE54-9A1E7A4F7556}") = "chdScoring.DataAccess.Contracts", "src\chdScoring.DataAccess.Contracts\chdScoring.DataAccess.Contracts.csproj", "{976D3196-B4D4-4E21-B28E-B0B0B7D48DF1}"
EndProject
Project("{9A19103F-16F7-4668-BE54-9A1E7A4F7556}") = "chdScoring.Contracts", "src\chdScoring.Contracts\chdScoring.Contracts.csproj", "{D8FAC0DF-227B-4B88-BEC3-E5813CBE5E37}"
EndProject
Project("{9A19103F-16F7-4668-BE54-9A1E7A4F7556}") = "chdScoring.BusinessLogic", "src\chdScoring.BusinessLogic\chdScoring.BusinessLogic.csproj", "{AB7FA173-DE37-47FB-BCEC-E3CBF02D9919}"
EndProject
Project("{9A19103F-16F7-4668-BE54-9A1E7A4F7556}") = "chdScoring.DataAccess.EFCore", "src\chdScoring.DataAccess.EFCore\chdScoring.DataAccess.EFCore.csproj", "{90401F96-6DD6-428A-A437-22849E1319F7}"
EndProject
Project("{2150E333-8FDC-42A3-9474-1A3956D46DE8}") = "App", "App", "{4404AE52-6864-44D0-8D44-0C8CA7B1EEB6}"
EndProject
Project("{9A19103F-16F7-4668-BE54-9A1E7A4F7556}") = "chdScoring.Main.Client", "src\chdScoring.Main.Client\chdScoring.Main.Client.csproj", "{F4D817C3-7C0D-4613-BC52-4A8D5F22D0DC}"
EndProject
Project("{9A19103F-16F7-4668-BE54-9A1E7A4F7556}") = "chdScoring.App.UI", "src\chdScoring.App.UI\chdScoring.App.UI.csproj", "{EFA15C8D-E1D2-4708-816E-FD21392D9EC3}"
EndProject
Project("{9A19103F-16F7-4668-BE54-9A1E7A4F7556}") = "chdScoring.App.WPF", "src\chdScoring.App.WPF\chdScoring.App.WPF.csproj", "{EA206573-C3D9-4CBB-813B-7AEC61BE4F93}"
EndProject
Project("{9A19103F-16F7-4668-BE54-9A1E7A4F7556}") = "chdScoring.Main.WebServer", "src\chdScoring.Main.WebServer\chdScoring.Main.WebServer.csproj", "{C72A4800-78FA-48CB-8384-339A29E79199}"
EndProject
Project("{FAE04EC0-301F-11D3-BF4B-00C04F79EFBC}") = "chdScoring.App", "src\chdScoring.App\chdScoring.App.csproj", "{3D083283-BA85-495A-9D34-29D1813806A6}"
EndProject
Global
	GlobalSection(SolutionConfigurationPlatforms) = preSolution
		Debug|Any CPU = Debug|Any CPU
		Release|Any CPU = Release|Any CPU
	EndGlobalSection
	GlobalSection(ProjectConfigurationPlatforms) = postSolution
		{535E62A3-B01E-45CD-A5F3-3A5EF7241F1C}.Debug|Any CPU.ActiveCfg = Debug|Any CPU
		{535E62A3-B01E-45CD-A5F3-3A5EF7241F1C}.Debug|Any CPU.Build.0 = Debug|Any CPU
		{535E62A3-B01E-45CD-A5F3-3A5EF7241F1C}.Release|Any CPU.ActiveCfg = Release|Any CPU
		{535E62A3-B01E-45CD-A5F3-3A5EF7241F1C}.Release|Any CPU.Build.0 = Release|Any CPU
		{976D3196-B4D4-4E21-B28E-B0B0B7D48DF1}.Debug|Any CPU.ActiveCfg = Debug|Any CPU
		{976D3196-B4D4-4E21-B28E-B0B0B7D48DF1}.Debug|Any CPU.Build.0 = Debug|Any CPU
		{976D3196-B4D4-4E21-B28E-B0B0B7D48DF1}.Release|Any CPU.ActiveCfg = Release|Any CPU
		{976D3196-B4D4-4E21-B28E-B0B0B7D48DF1}.Release|Any CPU.Build.0 = Release|Any CPU
		{D8FAC0DF-227B-4B88-BEC3-E5813CBE5E37}.Debug|Any CPU.ActiveCfg = Debug|Any CPU
		{D8FAC0DF-227B-4B88-BEC3-E5813CBE5E37}.Debug|Any CPU.Build.0 = Debug|Any CPU
		{D8FAC0DF-227B-4B88-BEC3-E5813CBE5E37}.Release|Any CPU.ActiveCfg = Release|Any CPU
		{D8FAC0DF-227B-4B88-BEC3-E5813CBE5E37}.Release|Any CPU.Build.0 = Release|Any CPU
		{AB7FA173-DE37-47FB-BCEC-E3CBF02D9919}.Debug|Any CPU.ActiveCfg = Debug|Any CPU
		{AB7FA173-DE37-47FB-BCEC-E3CBF02D9919}.Debug|Any CPU.Build.0 = Debug|Any CPU
		{AB7FA173-DE37-47FB-BCEC-E3CBF02D9919}.Release|Any CPU.ActiveCfg = Release|Any CPU
		{AB7FA173-DE37-47FB-BCEC-E3CBF02D9919}.Release|Any CPU.Build.0 = Release|Any CPU
		{90401F96-6DD6-428A-A437-22849E1319F7}.Debug|Any CPU.ActiveCfg = Debug|Any CPU
		{90401F96-6DD6-428A-A437-22849E1319F7}.Debug|Any CPU.Build.0 = Debug|Any CPU
		{90401F96-6DD6-428A-A437-22849E1319F7}.Release|Any CPU.ActiveCfg = Release|Any CPU
		{90401F96-6DD6-428A-A437-22849E1319F7}.Release|Any CPU.Build.0 = Release|Any CPU
		{F4D817C3-7C0D-4613-BC52-4A8D5F22D0DC}.Debug|Any CPU.ActiveCfg = Debug|Any CPU
		{F4D817C3-7C0D-4613-BC52-4A8D5F22D0DC}.Debug|Any CPU.Build.0 = Debug|Any CPU
		{F4D817C3-7C0D-4613-BC52-4A8D5F22D0DC}.Release|Any CPU.ActiveCfg = Release|Any CPU
		{F4D817C3-7C0D-4613-BC52-4A8D5F22D0DC}.Release|Any CPU.Build.0 = Release|Any CPU
		{EFA15C8D-E1D2-4708-816E-FD21392D9EC3}.Debug|Any CPU.ActiveCfg = Debug|Any CPU
		{EFA15C8D-E1D2-4708-816E-FD21392D9EC3}.Debug|Any CPU.Build.0 = Debug|Any CPU
		{EFA15C8D-E1D2-4708-816E-FD21392D9EC3}.Release|Any CPU.ActiveCfg = Release|Any CPU
		{EFA15C8D-E1D2-4708-816E-FD21392D9EC3}.Release|Any CPU.Build.0 = Release|Any CPU
		{EA206573-C3D9-4CBB-813B-7AEC61BE4F93}.Debug|Any CPU.ActiveCfg = Debug|Any CPU
		{EA206573-C3D9-4CBB-813B-7AEC61BE4F93}.Debug|Any CPU.Build.0 = Debug|Any CPU
		{EA206573-C3D9-4CBB-813B-7AEC61BE4F93}.Release|Any CPU.ActiveCfg = Release|Any CPU
		{EA206573-C3D9-4CBB-813B-7AEC61BE4F93}.Release|Any CPU.Build.0 = Release|Any CPU
		{C72A4800-78FA-48CB-8384-339A29E79199}.Debug|Any CPU.ActiveCfg = Debug|Any CPU
		{C72A4800-78FA-48CB-8384-339A29E79199}.Debug|Any CPU.Build.0 = Debug|Any CPU
		{C72A4800-78FA-48CB-8384-339A29E79199}.Release|Any CPU.ActiveCfg = Release|Any CPU
		{C72A4800-78FA-48CB-8384-339A29E79199}.Release|Any CPU.Build.0 = Release|Any CPU
		{3D083283-BA85-495A-9D34-29D1813806A6}.Debug|Any CPU.ActiveCfg = Debug|Any CPU
		{3D083283-BA85-495A-9D34-29D1813806A6}.Debug|Any CPU.Build.0 = Debug|Any CPU
		{3D083283-BA85-495A-9D34-29D1813806A6}.Debug|Any CPU.Deploy.0 = Debug|Any CPU
		{3D083283-BA85-495A-9D34-29D1813806A6}.Release|Any CPU.ActiveCfg = Release|Any CPU
		{3D083283-BA85-495A-9D34-29D1813806A6}.Release|Any CPU.Build.0 = Release|Any CPU
		{3D083283-BA85-495A-9D34-29D1813806A6}.Release|Any CPU.Deploy.0 = Release|Any CPU
	EndGlobalSection
	GlobalSection(SolutionProperties) = preSolution
		HideSolutionNode = FALSE
	EndGlobalSection
	GlobalSection(NestedProjects) = preSolution
		{535E62A3-B01E-45CD-A5F3-3A5EF7241F1C} = {F6396EAD-C7F8-4D84-8FF0-96F57D7B42AD}
		{976D3196-B4D4-4E21-B28E-B0B0B7D48DF1} = {F6396EAD-C7F8-4D84-8FF0-96F57D7B42AD}
		{D8FAC0DF-227B-4B88-BEC3-E5813CBE5E37} = {F6396EAD-C7F8-4D84-8FF0-96F57D7B42AD}
		{AB7FA173-DE37-47FB-BCEC-E3CBF02D9919} = {F6396EAD-C7F8-4D84-8FF0-96F57D7B42AD}
		{90401F96-6DD6-428A-A437-22849E1319F7} = {F6396EAD-C7F8-4D84-8FF0-96F57D7B42AD}
		{4404AE52-6864-44D0-8D44-0C8CA7B1EEB6} = {F6396EAD-C7F8-4D84-8FF0-96F57D7B42AD}
		{F4D817C3-7C0D-4613-BC52-4A8D5F22D0DC} = {F6396EAD-C7F8-4D84-8FF0-96F57D7B42AD}
		{EFA15C8D-E1D2-4708-816E-FD21392D9EC3} = {4404AE52-6864-44D0-8D44-0C8CA7B1EEB6}
		{EA206573-C3D9-4CBB-813B-7AEC61BE4F93} = {4404AE52-6864-44D0-8D44-0C8CA7B1EEB6}
		{C72A4800-78FA-48CB-8384-339A29E79199} = {F6396EAD-C7F8-4D84-8FF0-96F57D7B42AD}
		{3D083283-BA85-495A-9D34-29D1813806A6} = {4404AE52-6864-44D0-8D44-0C8CA7B1EEB6}
	EndGlobalSection
	GlobalSection(ExtensibilityGlobals) = postSolution
		SolutionGuid = {2E89D853-FC91-4C18-A26F-2AB54FDF4EE0}
	EndGlobalSection
EndGlobal
